
Microsoft Visual Studio Solution File, Format Version 12.00
Project("{FAE04EC0-301F-11D3-BF4B-00C04F79EFBC}") = "BoysheO.Collection.Abstractions", "BoysheO.UnityLibrary.Dotnet\BoysheO.Collection.Abstractions\BoysheO.Collection.Abstractions.csproj", "{1076ADF3-3A22-4934-9600-8923A51D4752}"
EndProject
Project("{FAE04EC0-301F-11D3-BF4B-00C04F79EFBC}") = "BoysheO.ObjectPool", "BoysheO.UnityLibrary.Dotnet\BoysheO.ObjectPool\BoysheO.ObjectPool.csproj", "{0C2F72EE-EDB7-4B1A-B14D-408AEA67D010}"
EndProject
Project("{FAE04EC0-301F-11D3-BF4B-00C04F79EFBC}") = "BoysheO.Collection", "BoysheO.UnityLibrary.Dotnet\BoysheO.Collection\BoysheO.Collection.csproj", "{6646F0E0-2827-4275-869A-FE0B0DBAC313}"
EndProject
Project("{FAE04EC0-301F-11D3-BF4B-00C04F79EFBC}") = "BoysheO.Collection2", "BoysheO.UnityLibrary.Dotnet\BoysheO.Collection2\BoysheO.Collection2.csproj", "{6721DFC4-31F8-42BC-BE74-21DC3300AAFB}"
EndProject
Project("{2150E333-8FDC-42A3-9474-1A3956D46DE8}") = "SolutionItems", "SolutionItems", "{DA9F9289-6F67-435C-9F38-44264DE7B54F}"
	ProjectSection(SolutionItems) = preProject
		BoysheO.UnityLibrary.Dotnet\Directory.Build.props = BoysheO.UnityLibrary.Dotnet\Directory.Build.props
	EndProjectSection
EndProject
Project("{FAE04EC0-301F-11D3-BF4B-00C04F79EFBC}") = "CustomVersion", "CustomVersion\CustomVersion.csproj", "{41A5188A-014A-4FF8-A521-08D1EE3006B5}"
EndProject
Global
	GlobalSection(SolutionConfigurationPlatforms) = preSolution
		Debug|Any CPU = Debug|Any CPU
		Release|Any CPU = Release|Any CPU
	EndGlobalSection
	GlobalSection(ProjectConfigurationPlatforms) = postSolution
		{1076ADF3-3A22-4934-9600-8923A51D4752}.Debug|Any CPU.ActiveCfg = Debug|Any CPU
		{1076ADF3-3A22-4934-9600-8923A51D4752}.Debug|Any CPU.Build.0 = Debug|Any CPU
		{1076ADF3-3A22-4934-9600-8923A51D4752}.Release|Any CPU.ActiveCfg = Release|Any CPU
		{1076ADF3-3A22-4934-9600-8923A51D4752}.Release|Any CPU.Build.0 = Release|Any CPU
		{0C2F72EE-EDB7-4B1A-B14D-408AEA67D010}.Debug|Any CPU.ActiveCfg = Debug|Any CPU
		{0C2F72EE-EDB7-4B1A-B14D-408AEA67D010}.Debug|Any CPU.Build.0 = Debug|Any CPU
		{0C2F72EE-EDB7-4B1A-B14D-408AEA67D010}.Release|Any CPU.ActiveCfg = Release|Any CPU
		{0C2F72EE-EDB7-4B1A-B14D-408AEA67D010}.Release|Any CPU.Build.0 = Release|Any CPU
		{6646F0E0-2827-4275-869A-FE0B0DBAC313}.Debug|Any CPU.ActiveCfg = Debug|Any CPU
		{6646F0E0-2827-4275-869A-FE0B0DBAC313}.Debug|Any CPU.Build.0 = Debug|Any CPU
		{6646F0E0-2827-4275-869A-FE0B0DBAC313}.Release|Any CPU.ActiveCfg = Release|Any CPU
		{6646F0E0-2827-4275-869A-FE0B0DBAC313}.Release|Any CPU.Build.0 = Release|Any CPU
		{6721DFC4-31F8-42BC-BE74-21DC3300AAFB}.Debug|Any CPU.ActiveCfg = Debug|Any CPU
		{6721DFC4-31F8-42BC-BE74-21DC3300AAFB}.Debug|Any CPU.Build.0 = Debug|Any CPU
		{6721DFC4-31F8-42BC-BE74-21DC3300AAFB}.Release|Any CPU.ActiveCfg = Release|Any CPU
		{6721DFC4-31F8-42BC-BE74-21DC3300AAFB}.Release|Any CPU.Build.0 = Release|Any CPU
		{41A5188A-014A-4FF8-A521-08D1EE3006B5}.Debug|Any CPU.ActiveCfg = Debug|Any CPU
		{41A5188A-014A-4FF8-A521-08D1EE3006B5}.Debug|Any CPU.Build.0 = Debug|Any CPU
		{41A5188A-014A-4FF8-A521-08D1EE3006B5}.Release|Any CPU.ActiveCfg = Release|Any CPU
		{41A5188A-014A-4FF8-A521-08D1EE3006B5}.Release|Any CPU.Build.0 = Release|Any CPU
	EndGlobalSection
EndGlobal
